PODS:
  - Kiwi (2.4.0)
  - TRHOG (0.1.0)

DEPENDENCIES:
  - Kiwi
  - TRHOG (from `../`)

EXTERNAL SOURCES:
  TRHOG:
    :path: "../"

SPEC CHECKSUMS:
  Kiwi: f49c9d54b28917df5928fe44968a39ed198cb8a8
  TRHOG: 9392ffc684c7404b108e18b2f953faf489ac7046

PODFILE CHECKSUM: 776963e2cf63eb40e75b5df518581e3680f97cce

COCOAPODS: 1.0.0
